
Microsoft Visual Studio Solution File, Format Version 12.00
# Visual Studio 2013
VisualStudioVersion = 12.0.31101.0
MinimumVisualStudioVersion = 10.0.40219.1
Project("{FAE04EC0-301F-11D3-BF4B-00C04F79EFBC}") = "ScottySeleniumTests", "ScottySeleniumTests.csproj", "{F2011DCD-9A1D-498D-BF54-EE84420EA795}"
EndProject
Project("{2150E333-8FDC-42A3-9474-1A3956D46DE8}") = ".nuget", ".nuget", "{A7A76A1F-137C-4A77-A9A1-35CFF064299F}"
	ProjectSection(SolutionItems) = preProject
		.nuget\packages.config = .nuget\packages.config
	EndProjectSection
EndProject
Project("{FAE04EC0-301F-11D3-BF4B-00C04F79EFBC}") = "ScottyTestsWebHarness", "ScottyTestsWebHarness\ScottyTestsWebHarness.csproj", "{C2CA5860-A26C-45A7-8086-6950A06D8035}"
EndProject
Global
	GlobalSection(SolutionConfigurationPlatforms) = preSolution
		Debug|Any CPU = Debug|Any CPU
		Release|Any CPU = Release|Any CPU
	EndGlobalSection
	GlobalSection(ProjectConfigurationPlatforms) = postSolution
		{F2011DCD-9A1D-498D-BF54-EE84420EA795}.Debug|Any CPU.ActiveCfg = Debug|Any CPU
		{F2011DCD-9A1D-498D-BF54-EE84420EA795}.Debug|Any CPU.Build.0 = Debug|Any CPU
		{F2011DCD-9A1D-498D-BF54-EE84420EA795}.Release|Any CPU.ActiveCfg = Release|Any CPU
		{F2011DCD-9A1D-498D-BF54-EE84420EA795}.Release|Any CPU.Build.0 = Release|Any CPU
		{C2CA5860-A26C-45A7-8086-6950A06D8035}.Debug|Any CPU.ActiveCfg = Debug|Any CPU
		{C2CA5860-A26C-45A7-8086-6950A06D8035}.Debug|Any CPU.Build.0 = Debug|Any CPU
		{C2CA5860-A26C-45A7-8086-6950A06D8035}.Release|Any CPU.ActiveCfg = Release|Any CPU
		{C2CA5860-A26C-45A7-8086-6950A06D8035}.Release|Any CPU.Build.0 = Release|Any CPU
	EndGlobalSection
	GlobalSection(SolutionProperties) = preSolution
		HideSolutionNode = FALSE
	EndGlobalSection
EndGlobal
