
Microsoft Visual Studio Solution File, Format Version 12.00
# Visual Studio 2013
VisualStudioVersion = 12.0.31101.0
MinimumVisualStudioVersion = 10.0.40219.1
Project("{2150E333-8FDC-42A3-9474-1A3956D46DE8}") = ".nuget", ".nuget", "{A7A76A1F-137C-4A77-A9A1-35CFF064299F}"
	ProjectSection(SolutionItems) = preProject
		.nuget\packages.config = .nuget\packages.config
	EndProjectSection
EndProject
Project("{FAE04EC0-301F-11D3-BF4B-00C04F79EFBC}") = "ScottyTestsWebHarness", "ScottyTestsWebHarness\ScottyTestsWebHarness.csproj", "{C2CA5860-A26C-45A7-8086-6950A06D8035}"
EndProject
Project("{FAE04EC0-301F-11D3-BF4B-00C04F79EFBC}") = "ScottyTestsCore", "ScottyTestsCore\ScottyTestsCore.csproj", "{D8E86238-226E-4AE3-8AF8-C6B0BEA93D4F}"
EndProject
Project("{FAE04EC0-301F-11D3-BF4B-00C04F79EFBC}") = "ScottyTestsTests", "ScottyTestsTests\ScottyTestsTests.csproj", "{DDCF4F93-9ECB-4175-B9D5-4C444FC5A52E}"
EndProject
Global
	GlobalSection(SolutionConfigurationPlatforms) = preSolution
		Debug|Any CPU = Debug|Any CPU
		Release|Any CPU = Release|Any CPU
	EndGlobalSection
	GlobalSection(ProjectConfigurationPlatforms) = postSolution
		{C2CA5860-A26C-45A7-8086-6950A06D8035}.Debug|Any CPU.ActiveCfg = Debug|Any CPU
		{C2CA5860-A26C-45A7-8086-6950A06D8035}.Debug|Any CPU.Build.0 = Debug|Any CPU
		{C2CA5860-A26C-45A7-8086-6950A06D8035}.Release|Any CPU.ActiveCfg = Release|Any CPU
		{C2CA5860-A26C-45A7-8086-6950A06D8035}.Release|Any CPU.Build.0 = Release|Any CPU
		{D8E86238-226E-4AE3-8AF8-C6B0BEA93D4F}.Debug|Any CPU.ActiveCfg = Debug|Any CPU
		{D8E86238-226E-4AE3-8AF8-C6B0BEA93D4F}.Debug|Any CPU.Build.0 = Debug|Any CPU
		{D8E86238-226E-4AE3-8AF8-C6B0BEA93D4F}.Release|Any CPU.ActiveCfg = Release|Any CPU
		{D8E86238-226E-4AE3-8AF8-C6B0BEA93D4F}.Release|Any CPU.Build.0 = Release|Any CPU
		{DDCF4F93-9ECB-4175-B9D5-4C444FC5A52E}.Debug|Any CPU.ActiveCfg = Debug|Any CPU
		{DDCF4F93-9ECB-4175-B9D5-4C444FC5A52E}.Debug|Any CPU.Build.0 = Debug|Any CPU
		{DDCF4F93-9ECB-4175-B9D5-4C444FC5A52E}.Release|Any CPU.ActiveCfg = Release|Any CPU
		{DDCF4F93-9ECB-4175-B9D5-4C444FC5A52E}.Release|Any CPU.Build.0 = Release|Any CPU
	EndGlobalSection
	GlobalSection(SolutionProperties) = preSolution
		HideSolutionNode = FALSE
	EndGlobalSection
EndGlobal
